// !$*UTF8*$!
{
	archiveVersion = 1;
	classes = {
	};
	objectVersion = 50;
	objects = {

/* Begin PBXBuildFile section */
		B30F706522227B9000E38976 /* Mirror.storyboard in Resources */ = {isa = PBXBuildFile; fileRef = B30F706422227B9000E38976 /* Mirror.storyboard */; };
		B30F706722227BBE00E38976 /* MirrorViewController.swift in Sources */ = {isa = PBXBuildFile; fileRef = B30F706622227BBE00E38976 /* MirrorViewController.swift */; };
		B33883332226B0B00085795D /* DragCoordinator.swift in Sources */ = {isa = PBXBuildFile; fileRef = B33883322226B0B00085795D /* DragCoordinator.swift */; };
		B33883352226C2AC0085795D /* MirrorCoordinator.swift in Sources */ = {isa = PBXBuildFile; fileRef = B33883342226C2AC0085795D /* MirrorCoordinator.swift */; };
		B3388337222739D90085795D /* ViewGenerationCoordiator.swift in Sources */ = {isa = PBXBuildFile; fileRef = B3388336222739D90085795D /* ViewGenerationCoordiator.swift */; };
		B338833922273E250085795D /* ViewFreezeDryer.swift in Sources */ = {isa = PBXBuildFile; fileRef = B338833822273E250085795D /* ViewFreezeDryer.swift */; };
		B338833D222A99600085795D /* DelegatingViewController.swift in Sources */ = {isa = PBXBuildFile; fileRef = B338833C222A99600085795D /* DelegatingViewController.swift */; };
		B338833F222AB2BD0085795D /* ViewClassPickerViewController.swift in Sources */ = {isa = PBXBuildFile; fileRef = B338833E222AB2BD0085795D /* ViewClassPickerViewController.swift */; };
		B3388341222AB2E50085795D /* Extensions.swift in Sources */ = {isa = PBXBuildFile; fileRef = B3388340222AB2E50085795D /* Extensions.swift */; };
		B36CA28E2234D3BE0044A3D5 /* UIViewExtraProperties.swift in Sources */ = {isa = PBXBuildFile; fileRef = B36CA28D2234D3BE0044A3D5 /* UIViewExtraProperties.swift */; };
		B3913DAA2222630C00A281B7 /* AppDelegate.swift in Sources */ = {isa = PBXBuildFile; fileRef = B3913DA92222630C00A281B7 /* AppDelegate.swift */; };
		B3913DAC2222630C00A281B7 /* ProjectorViewController.swift in Sources */ = {isa = PBXBuildFile; fileRef = B3913DAB2222630C00A281B7 /* ProjectorViewController.swift */; };
		B3913DAF2222630C00A281B7 /* Main.storyboard in Resources */ = {isa = PBXBuildFile; fileRef = B3913DAD2222630C00A281B7 /* Main.storyboard */; };
		B3913DB12222630D00A281B7 /* Assets.xcassets in Resources */ = {isa = PBXBuildFile; fileRef = B3913DB02222630D00A281B7 /* Assets.xcassets */; };
		B3913DB42222630D00A281B7 /* LaunchScreen.storyboard in Resources */ = {isa = PBXBuildFile; fileRef = B3913DB22222630D00A281B7 /* LaunchScreen.storyboard */; };
		B3913DBF2222630D00A281B7 /* MirrorTests.swift in Sources */ = {isa = PBXBuildFile; fileRef = B3913DBE2222630D00A281B7 /* MirrorTests.swift */; };
		B3C6EA03222FF2E700028682 /* CodableViews.swift in Sources */ = {isa = PBXBuildFile; fileRef = B3C6EA02222FF2E700028682 /* CodableViews.swift */; };
		B3C6EA05222FF31E00028682 /* BasicDecodableView.swift in Sources */ = {isa = PBXBuildFile; fileRef = B3C6EA04222FF31E00028682 /* BasicDecodableView.swift */; };
		B3C6EA07222FF34500028682 /* UISlider.swift in Sources */ = {isa = PBXBuildFile; fileRef = B3C6EA06222FF34500028682 /* UISlider.swift */; };
		B3C6EA09222FF35700028682 /* UIImage.swift in Sources */ = {isa = PBXBuildFile; fileRef = B3C6EA08222FF35700028682 /* UIImage.swift */; };
		B3C6EA0B222FF36F00028682 /* UIButton.swift in Sources */ = {isa = PBXBuildFile; fileRef = B3C6EA0A222FF36F00028682 /* UIButton.swift */; };
		B3C6EA0D2233B57100028682 /* UIEdgeInsets.swift in Sources */ = {isa = PBXBuildFile; fileRef = B3C6EA0C2233B57100028682 /* UIEdgeInsets.swift */; };
		B3C6EA0F2233B6AB00028682 /* NSDirectionalEdgeInsets.swift in Sources */ = {isa = PBXBuildFile; fileRef = B3C6EA0E2233B6AB00028682 /* NSDirectionalEdgeInsets.swift */; };
		B3C6EA122233BC6700028682 /* UIColor.swift in Sources */ = {isa = PBXBuildFile; fileRef = B3C6EA112233BC6700028682 /* UIColor.swift */; };
		B3C6EA142233C2A800028682 /* CreatableView.swift in Sources */ = {isa = PBXBuildFile; fileRef = B3C6EA132233C2A800028682 /* CreatableView.swift */; };
		B3C6EA162233C53500028682 /* CGRect.swift in Sources */ = {isa = PBXBuildFile; fileRef = B3C6EA152233C53500028682 /* CGRect.swift */; };
		B3C6EA192233C85400028682 /* CustomCodable.swift in Sources */ = {isa = PBXBuildFile; fileRef = B3C6EA182233C85400028682 /* CustomCodable.swift */; };
		B3C6EA1B2233CA6D00028682 /* CGPoint.swift in Sources */ = {isa = PBXBuildFile; fileRef = B3C6EA1A2233CA6D00028682 /* CGPoint.swift */; };
		B3C6EA1D2233CA8D00028682 /* CGSize.swift in Sources */ = {isa = PBXBuildFile; fileRef = B3C6EA1C2233CA8D00028682 /* CGSize.swift */; };
		B3C6EA1F2233DF3400028682 /* CustomCodableWrapper.swift in Sources */ = {isa = PBXBuildFile; fileRef = B3C6EA1E2233DF3400028682 /* CustomCodableWrapper.swift */; };
/* End PBXBuildFile section */

/* Begin PBXContainerItemProxy section */
		B3913DBB2222630D00A281B7 /* PBXContainerItemProxy */ = {
			isa = PBXContainerItemProxy;
			containerPortal = B3913D9E2222630B00A281B7 /* Project object */;
			proxyType = 1;
			remoteGlobalIDString = B3913DA52222630C00A281B7;
			remoteInfo = Sample;
		};
/* End PBXContainerItemProxy section */

/* Begin PBXFileReference section */
		B30F706422227B9000E38976 /* Mirror.storyboard */ = {isa = PBXFileReference; lastKnownFileType = file.storyboard; path = Mirror.storyboard; sourceTree = "<group>"; };
		B30F706622227BBE00E38976 /* MirrorViewController.swift */ = {isa = PBXFileReference; lastKnownFileType = sourcecode.swift; path = MirrorViewController.swift; sourceTree = "<group>"; };
		B33883322226B0B00085795D /* DragCoordinator.swift */ = {isa = PBXFileReference; lastKnownFileType = sourcecode.swift; path = DragCoordinator.swift; sourceTree = "<group>"; };
		B33883342226C2AC0085795D /* MirrorCoordinator.swift */ = {isa = PBXFileReference; lastKnownFileType = sourcecode.swift; path = MirrorCoordinator.swift; sourceTree = "<group>"; };
		B3388336222739D90085795D /* ViewGenerationCoordiator.swift */ = {isa = PBXFileReference; lastKnownFileType = sourcecode.swift; path = ViewGenerationCoordiator.swift; sourceTree = "<group>"; };
		B338833822273E250085795D /* ViewFreezeDryer.swift */ = {isa = PBXFileReference; lastKnownFileType = sourcecode.swift; path = ViewFreezeDryer.swift; sourceTree = "<group>"; };
		B338833C222A99600085795D /* DelegatingViewController.swift */ = {isa = PBXFileReference; lastKnownFileType = sourcecode.swift; path = DelegatingViewController.swift; sourceTree = "<group>"; };
		B338833E222AB2BD0085795D /* ViewClassPickerViewController.swift */ = {isa = PBXFileReference; lastKnownFileType = sourcecode.swift; path = ViewClassPickerViewController.swift; sourceTree = "<group>"; };
		B3388340222AB2E50085795D /* Extensions.swift */ = {isa = PBXFileReference; lastKnownFileType = sourcecode.swift; path = Extensions.swift; sourceTree = "<group>"; };
		B36CA28D2234D3BE0044A3D5 /* UIViewExtraProperties.swift */ = {isa = PBXFileReference; lastKnownFileType = sourcecode.swift; path = UIViewExtraProperties.swift; sourceTree = "<group>"; };
		B3913DA62222630C00A281B7 /* Mirror.app */ = {isa = PBXFileReference; explicitFileType = wrapper.application; includeInIndex = 0; path = Mirror.app; sourceTree = BUILT_PRODUCTS_DIR; };
		B3913DA92222630C00A281B7 /* AppDelegate.swift */ = {isa = PBXFileReference; lastKnownFileType = sourcecode.swift; path = AppDelegate.swift; sourceTree = "<group>"; };
		B3913DAB2222630C00A281B7 /* ProjectorViewController.swift */ = {isa = PBXFileReference; lastKnownFileType = sourcecode.swift; path = ProjectorViewController.swift; sourceTree = "<group>"; };
		B3913DAE2222630C00A281B7 /* Base */ = {isa = PBXFileReference; lastKnownFileType = file.storyboard; name = Base; path = Base.lproj/Main.storyboard; sourceTree = "<group>"; };
		B3913DB02222630D00A281B7 /* Assets.xcassets */ = {isa = PBXFileReference; lastKnownFileType = folder.assetcatalog; path = Assets.xcassets; sourceTree = "<group>"; };
		B3913DB32222630D00A281B7 /* Base */ = {isa = PBXFileReference; lastKnownFileType = file.storyboard; name = Base; path = Base.lproj/LaunchScreen.storyboard; sourceTree = "<group>"; };
		B3913DB52222630D00A281B7 /* Info.plist */ = {isa = PBXFileReference; lastKnownFileType = text.plist.xml; path = Info.plist; sourceTree = "<group>"; };
		B3913DBA2222630D00A281B7 /* MirrorTests.xctest */ = {isa = PBXFileReference; explicitFileType = wrapper.cfbundle; includeInIndex = 0; path = MirrorTests.xctest; sourceTree = BUILT_PRODUCTS_DIR; };
		B3913DBE2222630D00A281B7 /* MirrorTests.swift */ = {isa = PBXFileReference; lastKnownFileType = sourcecode.swift; path = MirrorTests.swift; sourceTree = "<group>"; };
		B3913DC02222630D00A281B7 /* Info.plist */ = {isa = PBXFileReference; lastKnownFileType = text.plist.xml; path = Info.plist; sourceTree = "<group>"; };
		B3C6EA02222FF2E700028682 /* CodableViews.swift */ = {isa = PBXFileReference; lastKnownFileType = sourcecode.swift; path = CodableViews.swift; sourceTree = "<group>"; };
		B3C6EA04222FF31E00028682 /* BasicDecodableView.swift */ = {isa = PBXFileReference; lastKnownFileType = sourcecode.swift; path = BasicDecodableView.swift; sourceTree = "<group>"; };
		B3C6EA06222FF34500028682 /* UISlider.swift */ = {isa = PBXFileReference; lastKnownFileType = sourcecode.swift; path = UISlider.swift; sourceTree = "<group>"; };
		B3C6EA08222FF35700028682 /* UIImage.swift */ = {isa = PBXFileReference; lastKnownFileType = sourcecode.swift; path = UIImage.swift; sourceTree = "<group>"; };
		B3C6EA0A222FF36F00028682 /* UIButton.swift */ = {isa = PBXFileReference; lastKnownFileType = sourcecode.swift; path = UIButton.swift; sourceTree = "<group>"; };
		B3C6EA0C2233B57100028682 /* UIEdgeInsets.swift */ = {isa = PBXFileReference; lastKnownFileType = sourcecode.swift; path = UIEdgeInsets.swift; sourceTree = "<group>"; };
		B3C6EA0E2233B6AB00028682 /* NSDirectionalEdgeInsets.swift */ = {isa = PBXFileReference; lastKnownFileType = sourcecode.swift; path = NSDirectionalEdgeInsets.swift; sourceTree = "<group>"; };
		B3C6EA112233BC6700028682 /* UIColor.swift */ = {isa = PBXFileReference; lastKnownFileType = sourcecode.swift; path = UIColor.swift; sourceTree = "<group>"; };
		B3C6EA132233C2A800028682 /* CreatableView.swift */ = {isa = PBXFileReference; lastKnownFileType = sourcecode.swift; path = CreatableView.swift; sourceTree = "<group>"; };
		B3C6EA152233C53500028682 /* CGRect.swift */ = {isa = PBXFileReference; lastKnownFileType = sourcecode.swift; path = CGRect.swift; sourceTree = "<group>"; };
		B3C6EA182233C85400028682 /* CustomCodable.swift */ = {isa = PBXFileReference; lastKnownFileType = sourcecode.swift; path = CustomCodable.swift; sourceTree = "<group>"; };
		B3C6EA1A2233CA6D00028682 /* CGPoint.swift */ = {isa = PBXFileReference; lastKnownFileType = sourcecode.swift; path = CGPoint.swift; sourceTree = "<group>"; };
		B3C6EA1C2233CA8D00028682 /* CGSize.swift */ = {isa = PBXFileReference; lastKnownFileType = sourcecode.swift; path = CGSize.swift; sourceTree = "<group>"; };
		B3C6EA1E2233DF3400028682 /* CustomCodableWrapper.swift */ = {isa = PBXFileReference; lastKnownFileType = sourcecode.swift; path = CustomCodableWrapper.swift; sourceTree = "<group>"; };
/* End PBXFileReference section */

/* Begin PBXFrameworksBuildPhase section */
		B3913DA32222630C00A281B7 /* Frameworks */ = {
			isa = PBXFrameworksBuildPhase;
			buildActionMask = 2147483647;
			files = (
			);
			runOnlyForDeploymentPostprocessing = 0;
		};
		B3913DB72222630D00A281B7 /* Frameworks */ = {
			isa = PBXFrameworksBuildPhase;
			buildActionMask = 2147483647;
			files = (
			);
			runOnlyForDeploymentPostprocessing = 0;
		};
/* End PBXFrameworksBuildPhase section */

/* Begin PBXGroup section */
		B338833A222A87BE0085795D /* Other Views */ = {
			isa = PBXGroup;
			children = (
				B3913DB22222630D00A281B7 /* LaunchScreen.storyboard */,
				B30F706422227B9000E38976 /* Mirror.storyboard */,
			);
			path = "Other Views";
			sourceTree = "<group>";
		};
		B338833B222A99450085795D /* Other Objects */ = {
			isa = PBXGroup;
			children = (
				B338833C222A99600085795D /* DelegatingViewController.swift */,
				B3388340222AB2E50085795D /* Extensions.swift */,
			);
			path = "Other Objects";
			sourceTree = "<group>";
		};
		B3913D9D2222630B00A281B7 = {
			isa = PBXGroup;
			children = (
				B3913DA82222630C00A281B7 /* Mirror */,
				B3913DBD2222630D00A281B7 /* MirrorTests */,
				B3913DA72222630C00A281B7 /* Products */,
			);
			sourceTree = "<group>";
		};
		B3913DA72222630C00A281B7 /* Products */ = {
			isa = PBXGroup;
			children = (
				B3913DA62222630C00A281B7 /* Mirror.app */,
				B3913DBA2222630D00A281B7 /* MirrorTests.xctest */,
			);
			name = Products;
			sourceTree = "<group>";
		};
		B3913DA82222630C00A281B7 /* Mirror */ = {
			isa = PBXGroup;
			children = (
				B3C6EA172233C83000028682 /* Custom Codable */,
				B3C6EA102233BC5900028682 /* Codable Objects */,
				B3C6EA01222FF2CE00028682 /* Codable Views */,
				B338833E222AB2BD0085795D /* ViewClassPickerViewController.swift */,
				B3913DAB2222630C00A281B7 /* ProjectorViewController.swift */,
				B30F706622227BBE00E38976 /* MirrorViewController.swift */,
				B338833822273E250085795D /* ViewFreezeDryer.swift */,
				B33883342226C2AC0085795D /* MirrorCoordinator.swift */,
				B33883322226B0B00085795D /* DragCoordinator.swift */,
				B3388336222739D90085795D /* ViewGenerationCoordiator.swift */,
				B3C6EA132233C2A800028682 /* CreatableView.swift */,
				B3913DA92222630C00A281B7 /* AppDelegate.swift */,
				B3913DAD2222630C00A281B7 /* Main.storyboard */,
				B3913DB02222630D00A281B7 /* Assets.xcassets */,
				B338833B222A99450085795D /* Other Objects */,
				B338833A222A87BE0085795D /* Other Views */,
				B3913DB52222630D00A281B7 /* Info.plist */,
			);
			path = Mirror;
			sourceTree = "<group>";
		};
		B3913DBD2222630D00A281B7 /* MirrorTests */ = {
			isa = PBXGroup;
			children = (
				B3913DBE2222630D00A281B7 /* MirrorTests.swift */,
				B3913DC02222630D00A281B7 /* Info.plist */,
			);
			path = MirrorTests;
			sourceTree = "<group>";
		};
		B3C6EA01222FF2CE00028682 /* Codable Views */ = {
			isa = PBXGroup;
			children = (
				B3C6EA04222FF31E00028682 /* BasicDecodableView.swift */,
				B3C6EA02222FF2E700028682 /* CodableViews.swift */,
				B36CA28D2234D3BE0044A3D5 /* UIViewExtraProperties.swift */,
				B3C6EA08222FF35700028682 /* UIImage.swift */,
				B3C6EA06222FF34500028682 /* UISlider.swift */,
				B3C6EA0A222FF36F00028682 /* UIButton.swift */,
				B3C6EA0E2233B6AB00028682 /* NSDirectionalEdgeInsets.swift */,
				B3C6EA0C2233B57100028682 /* UIEdgeInsets.swift */,
			);
			path = "Codable Views";
			sourceTree = "<group>";
		};
		B3C6EA102233BC5900028682 /* Codable Objects */ = {
			isa = PBXGroup;
			children = (
				B3C6EA112233BC6700028682 /* UIColor.swift */,
			);
			path = "Codable Objects";
			sourceTree = "<group>";
		};
		B3C6EA172233C83000028682 /* Custom Codable */ = {
			isa = PBXGroup;
			children = (
				B3C6EA1E2233DF3400028682 /* CustomCodableWrapper.swift */,
				B3C6EA182233C85400028682 /* CustomCodable.swift */,
				B3C6EA152233C53500028682 /* CGRect.swift */,
				B3C6EA1A2233CA6D00028682 /* CGPoint.swift */,
				B3C6EA1C2233CA8D00028682 /* CGSize.swift */,
			);
			path = "Custom Codable";
			sourceTree = "<group>";
		};
/* End PBXGroup section */

/* Begin PBXNativeTarget section */
		B3913DA52222630C00A281B7 /* Mirror */ = {
			isa = PBXNativeTarget;
			buildConfigurationList = B3913DC32222630D00A281B7 /* Build configuration list for PBXNativeTarget "Mirror" */;
			buildPhases = (
				B3913DA22222630C00A281B7 /* Sources */,
				B3913DA32222630C00A281B7 /* Frameworks */,
				B3913DA42222630C00A281B7 /* Resources */,
			);
			buildRules = (
			);
			dependencies = (
			);
			name = Mirror;
			productName = Sample;
			productReference = B3913DA62222630C00A281B7 /* Mirror.app */;
			productType = "com.apple.product-type.application";
		};
		B3913DB92222630D00A281B7 /* MirrorTests */ = {
			isa = PBXNativeTarget;
			buildConfigurationList = B3913DC62222630D00A281B7 /* Build configuration list for PBXNativeTarget "MirrorTests" */;
			buildPhases = (
				B3913DB62222630D00A281B7 /* Sources */,
				B3913DB72222630D00A281B7 /* Frameworks */,
				B3913DB82222630D00A281B7 /* Resources */,
			);
			buildRules = (
			);
			dependencies = (
				B3913DBC2222630D00A281B7 /* PBXTargetDependency */,
			);
			name = MirrorTests;
			productName = SampleTests;
			productReference = B3913DBA2222630D00A281B7 /* MirrorTests.xctest */;
			productType = "com.apple.product-type.bundle.unit-test";
		};
/* End PBXNativeTarget section */

/* Begin PBXProject section */
		B3913D9E2222630B00A281B7 /* Project object */ = {
			isa = PBXProject;
			attributes = {
				LastSwiftUpdateCheck = 1010;
				LastUpgradeCheck = 1010;
				ORGANIZATIONNAME = Andrekandre;
				TargetAttributes = {
					B3913DA52222630C00A281B7 = {
						CreatedOnToolsVersion = 10.1;
						SystemCapabilities = {
							com.apple.BackgroundModes = {
								enabled = 1;
							};
						};
					};
					B3913DB92222630D00A281B7 = {
						CreatedOnToolsVersion = 10.1;
						TestTargetID = B3913DA52222630C00A281B7;
					};
				};
			};
			buildConfigurationList = B3913DA12222630B00A281B7 /* Build configuration list for PBXProject "Mirror" */;
			compatibilityVersion = "Xcode 9.3";
			developmentRegion = en;
			hasScannedForEncodings = 0;
			knownRegions = (
				en,
				Base,
			);
			mainGroup = B3913D9D2222630B00A281B7;
			productRefGroup = B3913DA72222630C00A281B7 /* Products */;
			projectDirPath = "";
			projectRoot = "";
			targets = (
				B3913DA52222630C00A281B7 /* Mirror */,
				B3913DB92222630D00A281B7 /* MirrorTests */,
			);
		};
/* End PBXProject section */

/* Begin PBXResourcesBuildPhase section */
		B3913DA42222630C00A281B7 /* Resources */ = {
			isa = PBXResourcesBuildPhase;
			buildActionMask = 2147483647;
			files = (
				B3913DB42222630D00A281B7 /* LaunchScreen.storyboard in Resources */,
				B3913DB12222630D00A281B7 /* Assets.xcassets in Resources */,
				B3913DAF2222630C00A281B7 /* Main.storyboard in Resources */,
				B30F706522227B9000E38976 /* Mirror.storyboard in Resources */,
			);
			runOnlyForDeploymentPostprocessing = 0;
		};
		B3913DB82222630D00A281B7 /* Resources */ = {
			isa = PBXResourcesBuildPhase;
			buildActionMask = 2147483647;
			files = (
			);
			runOnlyForDeploymentPostprocessing = 0;
		};
/* End PBXResourcesBuildPhase section */

/* Begin PBXSourcesBuildPhase section */
		B3913DA22222630C00A281B7 /* Sources */ = {
			isa = PBXSourcesBuildPhase;
			buildActionMask = 2147483647;
			files = (
				B3C6EA1B2233CA6D00028682 /* CGPoint.swift in Sources */,
				B36CA28E2234D3BE0044A3D5 /* UIViewExtraProperties.swift in Sources */,
				B3C6EA0F2233B6AB00028682 /* NSDirectionalEdgeInsets.swift in Sources */,
				B3913DAC2222630C00A281B7 /* ProjectorViewController.swift in Sources */,
				B3C6EA1F2233DF3400028682 /* CustomCodableWrapper.swift in Sources */,
				B338833F222AB2BD0085795D /* ViewClassPickerViewController.swift in Sources */,
				B338833922273E250085795D /* ViewFreezeDryer.swift in Sources */,
				B3C6EA05222FF31E00028682 /* BasicDecodableView.swift in Sources */,
				B3913DAA2222630C00A281B7 /* AppDelegate.swift in Sources */,
				B3C6EA142233C2A800028682 /* CreatableView.swift in Sources */,
				B3C6EA162233C53500028682 /* CGRect.swift in Sources */,
				B3C6EA0B222FF36F00028682 /* UIButton.swift in Sources */,
				B3C6EA192233C85400028682 /* CustomCodable.swift in Sources */,
				B3C6EA0D2233B57100028682 /* UIEdgeInsets.swift in Sources */,
				B33883352226C2AC0085795D /* MirrorCoordinator.swift in Sources */,
				B3388341222AB2E50085795D /* Extensions.swift in Sources */,
				B338833D222A99600085795D /* DelegatingViewController.swift in Sources */,
				B33883332226B0B00085795D /* DragCoordinator.swift in Sources */,
				B30F706722227BBE00E38976 /* MirrorViewController.swift in Sources */,
				B3C6EA1D2233CA8D00028682 /* CGSize.swift in Sources */,
				B3C6EA122233BC6700028682 /* UIColor.swift in Sources */,
				B3388337222739D90085795D /* ViewGenerationCoordiator.swift in Sources */,
				B3C6EA03222FF2E700028682 /* CodableViews.swift in Sources */,
				B3C6EA07222FF34500028682 /* UISlider.swift in Sources */,
				B3C6EA09222FF35700028682 /* UIImage.swift in Sources */,
			);
			runOnlyForDeploymentPostprocessing = 0;
		};
		B3913DB62222630D00A281B7 /* Sources */ = {
			isa = PBXSourcesBuildPhase;
			buildActionMask = 2147483647;
			files = (
				B3913DBF2222630D00A281B7 /* MirrorTests.swift in Sources */,
			);
			runOnlyForDeploymentPostprocessing = 0;
		};
/* End PBXSourcesBuildPhase section */

/* Begin PBXTargetDependency section */
		B3913DBC2222630D00A281B7 /* PBXTargetDependency */ = {
			isa = PBXTargetDependency;
			target = B3913DA52222630C00A281B7 /* Mirror */;
			targetProxy = B3913DBB2222630D00A281B7 /* PBXContainerItemProxy */;
		};
/* End PBXTargetDependency section */

/* Begin PBXVariantGroup section */
		B3913DAD2222630C00A281B7 /* Main.storyboard */ = {
			isa = PBXVariantGroup;
			children = (
				B3913DAE2222630C00A281B7 /* Base */,
			);
			name = Main.storyboard;
			sourceTree = "<group>";
		};
		B3913DB22222630D00A281B7 /* LaunchScreen.storyboard */ = {
			isa = PBXVariantGroup;
			children = (
				B3913DB32222630D00A281B7 /* Base */,
			);
			name = LaunchScreen.storyboard;
			sourceTree = "<group>";
		};
/* End PBXVariantGroup section */

/* Begin XCBuildConfiguration section */
		B3913DC12222630D00A281B7 /* Debug */ = {
			isa = XCBuildConfiguration;
			buildSettings = {
				ALWAYS_SEARCH_USER_PATHS = NO;
				CLANG_ANALYZER_NONNULL = YES;
				CLANG_ANALYZER_NUMBER_OBJECT_CONVERSION = YES_AGGRESSIVE;
				CLANG_CXX_LANGUAGE_STANDARD = "gnu++14";
				CLANG_CXX_LIBRARY = "libc++";
				CLANG_ENABLE_MODULES = YES;
				CLANG_ENABLE_OBJC_ARC = YES;
				CLANG_ENABLE_OBJC_WEAK = YES;
				CLANG_WARN_BLOCK_CAPTURE_AUTORELEASING = YES;
				CLANG_WARN_BOOL_CONVERSION = YES;
				CLANG_WARN_COMMA = YES;
				CLANG_WARN_CONSTANT_CONVERSION = YES;
				CLANG_WARN_DEPRECATED_OBJC_IMPLEMENTATIONS = YES;
				CLANG_WARN_DIRECT_OBJC_ISA_USAGE = YES_ERROR;
				CLANG_WARN_DOCUMENTATION_COMMENTS = YES;
				CLANG_WARN_EMPTY_BODY = YES;
				CLANG_WARN_ENUM_CONVERSION = YES;
				CLANG_WARN_INFINITE_RECURSION = YES;
				CLANG_WARN_INT_CONVERSION = YES;
				CLANG_WARN_NON_LITERAL_NULL_CONVERSION = YES;
				CLANG_WARN_OBJC_IMPLICIT_RETAIN_SELF = YES;
				CLANG_WARN_OBJC_LITERAL_CONVERSION = YES;
				CLANG_WARN_OBJC_ROOT_CLASS = YES_ERROR;
				CLANG_WARN_RANGE_LOOP_ANALYSIS = YES;
				CLANG_WARN_STRICT_PROTOTYPES = YES;
				CLANG_WARN_SUSPICIOUS_MOVE = YES;
				CLANG_WARN_UNGUARDED_AVAILABILITY = YES_AGGRESSIVE;
				CLANG_WARN_UNREACHABLE_CODE = YES;
				CLANG_WARN__DUPLICATE_METHOD_MATCH = YES;
				CODE_SIGN_IDENTITY = "iPhone Developer";
				COPY_PHASE_STRIP = NO;
				DEBUG_INFORMATION_FORMAT = dwarf;
				ENABLE_STRICT_OBJC_MSGSEND = YES;
				ENABLE_TESTABILITY = YES;
				GCC_C_LANGUAGE_STANDARD = gnu11;
				GCC_DYNAMIC_NO_PIC = NO;
				GCC_NO_COMMON_BLOCKS = YES;
				GCC_OPTIMIZATION_LEVEL = 0;
				GCC_PREPROCESSOR_DEFINITIONS = (
					"DEBUG=1",
					"$(inherited)",
				);
				GCC_WARN_64_TO_32_BIT_CONVERSION = YES;
				GCC_WARN_ABOUT_RETURN_TYPE = YES_ERROR;
				GCC_WARN_UNDECLARED_SELECTOR = YES;
				GCC_WARN_UNINITIALIZED_AUTOS = YES_AGGRESSIVE;
				GCC_WARN_UNUSED_FUNCTION = YES;
				GCC_WARN_UNUSED_VARIABLE = YES;
				IPHONEOS_DEPLOYMENT_TARGET = 12.1;
				MTL_ENABLE_DEBUG_INFO = INCLUDE_SOURCE;
				MTL_FAST_MATH = YES;
				ONLY_ACTIVE_ARCH = YES;
				SDKROOT = iphoneos;
				SWIFT_ACTIVE_COMPILATION_CONDITIONS = DEBUG;
				SWIFT_OPTIMIZATION_LEVEL = "-Onone";
			};
			name = Debug;
		};
		B3913DC22222630D00A281B7 /* Release */ = {
			isa = XCBuildConfiguration;
			buildSettings = {
				ALWAYS_SEARCH_USER_PATHS = NO;
				CLANG_ANALYZER_NONNULL = YES;
				CLANG_ANALYZER_NUMBER_OBJECT_CONVERSION = YES_AGGRESSIVE;
				CLANG_CXX_LANGUAGE_STANDARD = "gnu++14";
				CLANG_CXX_LIBRARY = "libc++";
				CLANG_ENABLE_MODULES = YES;
				CLANG_ENABLE_OBJC_ARC = YES;
				CLANG_ENABLE_OBJC_WEAK = YES;
				CLANG_WARN_BLOCK_CAPTURE_AUTORELEASING = YES;
				CLANG_WARN_BOOL_CONVERSION = YES;
				CLANG_WARN_COMMA = YES;
				CLANG_WARN_CONSTANT_CONVERSION = YES;
				CLANG_WARN_DEPRECATED_OBJC_IMPLEMENTATIONS = YES;
				CLANG_WARN_DIRECT_OBJC_ISA_USAGE = YES_ERROR;
				CLANG_WARN_DOCUMENTATION_COMMENTS = YES;
				CLANG_WARN_EMPTY_BODY = YES;
				CLANG_WARN_ENUM_CONVERSION = YES;
				CLANG_WARN_INFINITE_RECURSION = YES;
				CLANG_WARN_INT_CONVERSION = YES;
				CLANG_WARN_NON_LITERAL_NULL_CONVERSION = YES;
				CLANG_WARN_OBJC_IMPLICIT_RETAIN_SELF = YES;
				CLANG_WARN_OBJC_LITERAL_CONVERSION = YES;
				CLANG_WARN_OBJC_ROOT_CLASS = YES_ERROR;
				CLANG_WARN_RANGE_LOOP_ANALYSIS = YES;
				CLANG_WARN_STRICT_PROTOTYPES = YES;
				CLANG_WARN_SUSPICIOUS_MOVE = YES;
				CLANG_WARN_UNGUARDED_AVAILABILITY = YES_AGGRESSIVE;
				CLANG_WARN_UNREACHABLE_CODE = YES;
				CLANG_WARN__DUPLICATE_METHOD_MATCH = YES;
				CODE_SIGN_IDENTITY = "iPhone Developer";
				COPY_PHASE_STRIP = NO;
				DEBUG_INFORMATION_FORMAT = "dwarf-with-dsym";
				ENABLE_NS_ASSERTIONS = NO;
				ENABLE_STRICT_OBJC_MSGSEND = YES;
				GCC_C_LANGUAGE_STANDARD = gnu11;
				GCC_NO_COMMON_BLOCKS = YES;
				GCC_WARN_64_TO_32_BIT_CONVERSION = YES;
				GCC_WARN_ABOUT_RETURN_TYPE = YES_ERROR;
				GCC_WARN_UNDECLARED_SELECTOR = YES;
				GCC_WARN_UNINITIALIZED_AUTOS = YES_AGGRESSIVE;
				GCC_WARN_UNUSED_FUNCTION = YES;
				GCC_WARN_UNUSED_VARIABLE = YES;
				IPHONEOS_DEPLOYMENT_TARGET = 12.1;
				MTL_ENABLE_DEBUG_INFO = NO;
				MTL_FAST_MATH = YES;
				SDKROOT = iphoneos;
				SWIFT_COMPILATION_MODE = wholemodule;
				SWIFT_OPTIMIZATION_LEVEL = "-O";
				VALIDATE_PRODUCT = YES;
			};
			name = Release;
		};
		B3913DC42222630D00A281B7 /* Debug */ = {
			isa = XCBuildConfiguration;
			buildSettings = {
				ASSETCATALOG_COMPILER_APPICON_NAME = AppIcon;
				CODE_SIGN_STYLE = Automatic;
				DEVELOPMENT_TEAM = KPBMY72PJU;
				INFOPLIST_FILE = Mirror/Info.plist;
				LD_RUNPATH_SEARCH_PATHS = (
					"$(inherited)",
					"@executable_path/Frameworks",
				);
				PRODUCT_BUNDLE_IDENTIFIER = andrekandre.com.Mirror;
				PRODUCT_NAME = "$(TARGET_NAME)";
				SWIFT_VERSION = 4.2;
				TARGETED_DEVICE_FAMILY = "1,2";
			};
			name = Debug;
		};
		B3913DC52222630D00A281B7 /* Release */ = {
			isa = XCBuildConfiguration;
			buildSettings = {
				ASSETCATALOG_COMPILER_APPICON_NAME = AppIcon;
				CODE_SIGN_STYLE = Automatic;
				DEVELOPMENT_TEAM = KPBMY72PJU;
				INFOPLIST_FILE = Mirror/Info.plist;
				LD_RUNPATH_SEARCH_PATHS = (
					"$(inherited)",
					"@executable_path/Frameworks",
				);
				PRODUCT_BUNDLE_IDENTIFIER = andrekandre.com.Mirror;
				PRODUCT_NAME = "$(TARGET_NAME)";
				SWIFT_VERSION = 4.2;
				TARGETED_DEVICE_FAMILY = "1,2";
			};
			name = Release;
		};
		B3913DC72222630D00A281B7 /* Debug */ = {
			isa = XCBuildConfiguration;
			buildSettings = {
				ALWAYS_EMBED_SWIFT_STANDARD_LIBRARIES = YES;
				BUNDLE_LOADER = "$(TEST_HOST)";
				CODE_SIGN_STYLE = Automatic;
				DEVELOPMENT_TEAM = KPBMY72PJU;
				INFOPLIST_FILE = MirrorTests/Info.plist;
				LD_RUNPATH_SEARCH_PATHS = (
					"$(inherited)",
					"@executable_path/Frameworks",
					"@loader_path/Frameworks",
				);
				PRODUCT_BUNDLE_IDENTIFIER = andrekandre.com.MirrorTests;
				PRODUCT_NAME = "$(TARGET_NAME)";
				SWIFT_VERSION = 4.2;
				TARGETED_DEVICE_FAMILY = "1,2";
				TEST_HOST = "$(BUILT_PRODUCTS_DIR)/Mirror.app/Mirror";
			};
			name = Debug;
		};
		B3913DC82222630D00A281B7 /* Release */ = {
			isa = XCBuildConfiguration;
			buildSettings = {
				ALWAYS_EMBED_SWIFT_STANDARD_LIBRARIES = YES;
				BUNDLE_LOADER = "$(TEST_HOST)";
				CODE_SIGN_STYLE = Automatic;
				DEVELOPMENT_TEAM = KPBMY72PJU;
				INFOPLIST_FILE = MirrorTests/Info.plist;
				LD_RUNPATH_SEARCH_PATHS = (
					"$(inherited)",
					"@executable_path/Frameworks",
					"@loader_path/Frameworks",
				);
				PRODUCT_BUNDLE_IDENTIFIER = andrekandre.com.MirrorTests;
				PRODUCT_NAME = "$(TARGET_NAME)";
				SWIFT_VERSION = 4.2;
				TARGETED_DEVICE_FAMILY = "1,2";
				TEST_HOST = "$(BUILT_PRODUCTS_DIR)/Mirror.app/Mirror";
			};
			name = Release;
		};
/* End XCBuildConfiguration section */

/* Begin XCConfigurationList section */
		B3913DA12222630B00A281B7 /* Build configuration list for PBXProject "Mirror" */ = {
			isa = XCConfigurationList;
			buildConfigurations = (
				B3913DC12222630D00A281B7 /* Debug */,
				B3913DC22222630D00A281B7 /* Release */,
			);
			defaultConfigurationIsVisible = 0;
			defaultConfigurationName = Release;
		};
		B3913DC32222630D00A281B7 /* Build configuration list for PBXNativeTarget "Mirror" */ = {
			isa = XCConfigurationList;
			buildConfigurations = (
				B3913DC42222630D00A281B7 /* Debug */,
				B3913DC52222630D00A281B7 /* Release */,
			);
			defaultConfigurationIsVisible = 0;
			defaultConfigurationName = Release;
		};
		B3913DC62222630D00A281B7 /* Build configuration list for PBXNativeTarget "MirrorTests" */ = {
			isa = XCConfigurationList;
			buildConfigurations = (
				B3913DC72222630D00A281B7 /* Debug */,
				B3913DC82222630D00A281B7 /* Release */,
			);
			defaultConfigurationIsVisible = 0;
			defaultConfigurationName = Release;
		};
/* End XCConfigurationList section */
	};
	rootObject = B3913D9E2222630B00A281B7 /* Project object */;
}
